
Microsoft Visual Studio Solution File, Format Version 12.00
# Visual Studio Version 17
VisualStudioVersion = 17.5.002.0
MinimumVisualStudioVersion = 10.0.40219.1
Project("{9A19103F-16F7-4668-BE54-9A1E7A4F7556}") = "API", "API.csproj", "{0DC7C985-A0F4-4374-A9B3-0B9FDC59D27F}"
EndProject
Global
	GlobalSection(SolutionConfigurationPlatforms) = preSolution
		Debug|Any CPU = Debug|Any CPU
		Release|Any CPU = Release|Any CPU
	EndGlobalSection
	GlobalSection(ProjectConfigurationPlatforms) = postSolution
		{0DC7C985-A0F4-4374-A9B3-0B9FDC59D27F}.Debug|Any CPU.ActiveCfg = Debug|Any CPU
		{0DC7C985-A0F4-4374-A9B3-0B9FDC59D27F}.Debug|Any CPU.Build.0 = Debug|Any CPU
		{0DC7C985-A0F4-4374-A9B3-0B9FDC59D27F}.Release|Any CPU.ActiveCfg = Release|Any CPU
		{0DC7C985-A0F4-4374-A9B3-0B9FDC59D27F}.Release|Any CPU.Build.0 = Release|Any CPU
	EndGlobalSection
	GlobalSection(SolutionProperties) = preSolution
		HideSolutionNode = FALSE
	EndGlobalSection
	GlobalSection(ExtensibilityGlobals) = postSolution
		SolutionGuid = {21F0C5FF-A48F-4E3C-AC5B-3BD8ACCCBDD8}
	EndGlobalSection
EndGlobal
